// !$*UTF8*$!
{
	archiveVersion = 1;
	classes = {
	};
	objectVersion = 46;
	objects = {

/* Begin PBXBuildFile section */
		1324145C1F70FA22006D1958 /* 4_cht.txt in Resources */ = {isa = PBXBuildFile; fileRef = 1324145B1F70FA22006D1958 /* 4_cht.txt */; };
		133EAB7F1F38628400443E63 /* 1.txt in Resources */ = {isa = PBXBuildFile; fileRef = 133EAB7A1F38628400443E63 /* 1.txt */; };
		133EAB801F38628400443E63 /* 2.txt in Resources */ = {isa = PBXBuildFile; fileRef = 133EAB7B1F38628400443E63 /* 2.txt */; };
		133EAB811F38628400443E63 /* 3-1.txt in Resources */ = {isa = PBXBuildFile; fileRef = 133EAB7C1F38628400443E63 /* 3-1.txt */; };
		133EAB821F38628400443E63 /* 3-2.txt in Resources */ = {isa = PBXBuildFile; fileRef = 133EAB7D1F38628400443E63 /* 3-2.txt */; };
		133EAB831F38628400443E63 /* 4.txt in Resources */ = {isa = PBXBuildFile; fileRef = 133EAB7E1F38628400443E63 /* 4.txt */; };
		133EAB8B1F39AF4F00443E63 /* LearningViewController.m in Sources */ = {isa = PBXBuildFile; fileRef = 133EAB8A1F39AF4F00443E63 /* LearningViewController.m */; };
		1348C8531F3D92E7003A1BD4 /* Sa_TableViewCell.m in Sources */ = {isa = PBXBuildFile; fileRef = 1348C8511F3D92E7003A1BD4 /* Sa_TableViewCell.m */; };
		1348C8541F3D92E7003A1BD4 /* Sa_TableViewCell.xib in Resources */ = {isa = PBXBuildFile; fileRef = 1348C8521F3D92E7003A1BD4 /* Sa_TableViewCell.xib */; };
		1348C8581F3D93F3003A1BD4 /* Sa_Guid_TableViewController.m in Sources */ = {isa = PBXBuildFile; fileRef = 1348C8571F3D93F3003A1BD4 /* Sa_Guid_TableViewController.m */; };
		135D714E1F3182CA00906EB2 /* main.m in Sources */ = {isa = PBXBuildFile; fileRef = 135D714D1F3182CA00906EB2 /* main.m */; };
		135D71511F3182CA00906EB2 /* AppDelegate.m in Sources */ = {isa = PBXBuildFile; fileRef = 135D71501F3182CA00906EB2 /* AppDelegate.m */; };
		135D71571F3182CA00906EB2 /* Main.storyboard in Resources */ = {isa = PBXBuildFile; fileRef = 135D71551F3182CA00906EB2 /* Main.storyboard */; };
		135D715A1F3182CA00906EB2 /* Gongyou.xcdatamodeld in Sources */ = {isa = PBXBuildFile; fileRef = 135D71581F3182CA00906EB2 /* Gongyou.xcdatamodeld */; };
		135D715C1F3182CA00906EB2 /* Assets.xcassets in Resources */ = {isa = PBXBuildFile; fileRef = 135D715B1F3182CA00906EB2 /* Assets.xcassets */; };
		135D715F1F3182CA00906EB2 /* LaunchScreen.storyboard in Resources */ = {isa = PBXBuildFile; fileRef = 135D715D1F3182CA00906EB2 /* LaunchScreen.storyboard */; };
		135D716A1F3182CA00906EB2 /* GongyouTests.m in Sources */ = {isa = PBXBuildFile; fileRef = 135D71691F3182CA00906EB2 /* GongyouTests.m */; };
		135D717F1F31AAE700906EB2 /* GongyouViewController.m in Sources */ = {isa = PBXBuildFile; fileRef = 135D717E1F31AAE700906EB2 /* GongyouViewController.m */; };
		135D71811F31B66F00906EB2 /* SGI_Gohonzon.jpg in Resources */ = {isa = PBXBuildFile; fileRef = 135D71801F31B66F00906EB2 /* SGI_Gohonzon.jpg */; };
		135D71841F31B7F400906EB2 /* kegi040916a.gif in Resources */ = {isa = PBXBuildFile; fileRef = 135D71831F31B7F400906EB2 /* kegi040916a.gif */; };
		135D71861F31B80000906EB2 /* ring.mp3 in Resources */ = {isa = PBXBuildFile; fileRef = 135D71851F31B80000906EB2 /* ring.mp3 */; };
		135D71881F31BA1A00906EB2 /* 231867.png in Resources */ = {isa = PBXBuildFile; fileRef = 135D71871F31BA1A00906EB2 /* 231867.png */; };
		135D71A81F31BD1A00906EB2 /* Contents.json in Resources */ = {isa = PBXBuildFile; fileRef = 135D718D1F31BD1A00906EB2 /* Contents.json */; };
		135D71A91F31BD1A00906EB2 /* Icon-App-20x20@1x.png in Resources */ = {isa = PBXBuildFile; fileRef = 135D718E1F31BD1A00906EB2 /* Icon-App-20x20@1x.png */; };
		135D71AA1F31BD1A00906EB2 /* Icon-App-20x20@2x.png in Resources */ = {isa = PBXBuildFile; fileRef = 135D718F1F31BD1A00906EB2 /* Icon-App-20x20@2x.png */; };
		135D71AB1F31BD1A00906EB2 /* Icon-App-20x20@3x.png in Resources */ = {isa = PBXBuildFile; fileRef = 135D71901F31BD1A00906EB2 /* Icon-App-20x20@3x.png */; };
		135D71AC1F31BD1A00906EB2 /* Icon-App-29x29@1x.png in Resources */ = {isa = PBXBuildFile; fileRef = 135D71911F31BD1A00906EB2 /* Icon-App-29x29@1x.png */; };
		135D71AD1F31BD1A00906EB2 /* Icon-App-29x29@2x.png in Resources */ = {isa = PBXBuildFile; fileRef = 135D71921F31BD1A00906EB2 /* Icon-App-29x29@2x.png */; };
		135D71AE1F31BD1A00906EB2 /* Icon-App-29x29@3x.png in Resources */ = {isa = PBXBuildFile; fileRef = 135D71931F31BD1A00906EB2 /* Icon-App-29x29@3x.png */; };
		135D71AF1F31BD1A00906EB2 /* Icon-App-40x40@1x.png in Resources */ = {isa = PBXBuildFile; fileRef = 135D71941F31BD1A00906EB2 /* Icon-App-40x40@1x.png */; };
		135D71B01F31BD1A00906EB2 /* Icon-App-40x40@2x.png in Resources */ = {isa = PBXBuildFile; fileRef = 135D71951F31BD1A00906EB2 /* Icon-App-40x40@2x.png */; };
		135D71B11F31BD1A00906EB2 /* Icon-App-40x40@3x.png in Resources */ = {isa = PBXBuildFile; fileRef = 135D71961F31BD1A00906EB2 /* Icon-App-40x40@3x.png */; };
		135D71B21F31BD1A00906EB2 /* Icon-App-57x57@1x.png in Resources */ = {isa = PBXBuildFile; fileRef = 135D71971F31BD1A00906EB2 /* Icon-App-57x57@1x.png */; };
		135D71B31F31BD1A00906EB2 /* Icon-App-57x57@2x.png in Resources */ = {isa = PBXBuildFile; fileRef = 135D71981F31BD1A00906EB2 /* Icon-App-57x57@2x.png */; };
		135D71B41F31BD1A00906EB2 /* Icon-App-60x60@1x.png in Resources */ = {isa = PBXBuildFile; fileRef = 135D71991F31BD1A00906EB2 /* Icon-App-60x60@1x.png */; };
		135D71B51F31BD1A00906EB2 /* Icon-App-60x60@2x.png in Resources */ = {isa = PBXBuildFile; fileRef = 135D719A1F31BD1A00906EB2 /* Icon-App-60x60@2x.png */; };
		135D71B61F31BD1A00906EB2 /* Icon-App-60x60@3x.png in Resources */ = {isa = PBXBuildFile; fileRef = 135D719B1F31BD1A00906EB2 /* Icon-App-60x60@3x.png */; };
		135D71B71F31BD1A00906EB2 /* Icon-App-72x72@1x.png in Resources */ = {isa = PBXBuildFile; fileRef = 135D719C1F31BD1A00906EB2 /* Icon-App-72x72@1x.png */; };
		135D71B81F31BD1A00906EB2 /* Icon-App-72x72@2x.png in Resources */ = {isa = PBXBuildFile; fileRef = 135D719D1F31BD1A00906EB2 /* Icon-App-72x72@2x.png */; };
		135D71B91F31BD1A00906EB2 /* Icon-App-76x76@1x.png in Resources */ = {isa = PBXBuildFile; fileRef = 135D719E1F31BD1A00906EB2 /* Icon-App-76x76@1x.png */; };
		135D71BA1F31BD1A00906EB2 /* Icon-App-76x76@2x.png in Resources */ = {isa = PBXBuildFile; fileRef = 135D719F1F31BD1A00906EB2 /* Icon-App-76x76@2x.png */; };
		135D71BB1F31BD1A00906EB2 /* Icon-App-76x76@3x.png in Resources */ = {isa = PBXBuildFile; fileRef = 135D71A01F31BD1A00906EB2 /* Icon-App-76x76@3x.png */; };
		135D71BC1F31BD1A00906EB2 /* Icon-App-83.5x83.5@2x.png in Resources */ = {isa = PBXBuildFile; fileRef = 135D71A11F31BD1A00906EB2 /* Icon-App-83.5x83.5@2x.png */; };
		135D71BD1F31BD1A00906EB2 /* Icon-Small-50x50@1x.png in Resources */ = {isa = PBXBuildFile; fileRef = 135D71A21F31BD1A00906EB2 /* Icon-Small-50x50@1x.png */; };
		135D71BE1F31BD1A00906EB2 /* Icon-Small-50x50@2x.png in Resources */ = {isa = PBXBuildFile; fileRef = 135D71A31F31BD1A00906EB2 /* Icon-Small-50x50@2x.png */; };
		135D71BF1F31BD1A00906EB2 /* iTunesArtwork@1x.png in Resources */ = {isa = PBXBuildFile; fileRef = 135D71A41F31BD1A00906EB2 /* iTunesArtwork@1x.png */; };
		135D71C01F31BD1A00906EB2 /* iTunesArtwork@2x.png in Resources */ = {isa = PBXBuildFile; fileRef = 135D71A51F31BD1A00906EB2 /* iTunesArtwork@2x.png */; };
		135D71C11F31BD1A00906EB2 /* iTunesArtwork@3x.png in Resources */ = {isa = PBXBuildFile; fileRef = 135D71A61F31BD1A00906EB2 /* iTunesArtwork@3x.png */; };
		135D71C81F31C1DB00906EB2 /* iphone4_1.png in Resources */ = {isa = PBXBuildFile; fileRef = 135D71C41F31C1DB00906EB2 /* iphone4_1.png */; };
		135D71C91F31C1DB00906EB2 /* iphone5_1.png in Resources */ = {isa = PBXBuildFile; fileRef = 135D71C51F31C1DB00906EB2 /* iphone5_1.png */; };
		135D71CA1F31C1DB00906EB2 /* iphone6_1.png in Resources */ = {isa = PBXBuildFile; fileRef = 135D71C61F31C1DB00906EB2 /* iphone6_1.png */; };
		135D71CB1F31C1DB00906EB2 /* iphone6plus_1.png in Resources */ = {isa = PBXBuildFile; fileRef = 135D71C71F31C1DB00906EB2 /* iphone6plus_1.png */; };
		135D71D21F31C1E500906EB2 /* Default-568h@2x.png in Resources */ = {isa = PBXBuildFile; fileRef = 135D71CD1F31C1E500906EB2 /* Default-568h@2x.png */; };
		135D71D31F31C1E500906EB2 /* Default-667h@2x.png in Resources */ = {isa = PBXBuildFile; fileRef = 135D71CE1F31C1E500906EB2 /* Default-667h@2x.png */; };
		135D71D41F31C1E500906EB2 /* Default-736@2x.png in Resources */ = {isa = PBXBuildFile; fileRef = 135D71CF1F31C1E500906EB2 /* Default-736@2x.png */; };
		135D71D51F31C1E500906EB2 /* Default.png in Resources */ = {isa = PBXBuildFile; fileRef = 135D71D01F31C1E500906EB2 /* Default.png */; };
		135D71D61F31C1E500906EB2 /* Default@2x.png in Resources */ = {isa = PBXBuildFile; fileRef = 135D71D11F31C1E500906EB2 /* Default@2x.png */; };
		135D71DB1F31DB2500906EB2 /* AVFoundation.framework in Frameworks */ = {isa = PBXBuildFile; fileRef = 135D71DA1F31DB2500906EB2 /* AVFoundation.framework */; };
		135D71DD1F31DB2B00906EB2 /* AVKit.framework in Frameworks */ = {isa = PBXBuildFile; fileRef = 135D71DC1F31DB2B00906EB2 /* AVKit.framework */; };
		13C1653F1F7379A80003311D /* GameKit.framework in Frameworks */ = {isa = PBXBuildFile; fileRef = 13C1653E1F7379A80003311D /* GameKit.framework */; };
		13C165411F738AC80003311D /* DefaultPreferences.plist in Resources */ = {isa = PBXBuildFile; fileRef = 13C165401F738AC80003311D /* DefaultPreferences.plist */; };
		13C165441F738DF20003311D /* MainIntroViewController.m in Sources */ = {isa = PBXBuildFile; fileRef = 13C165431F738DF20003311D /* MainIntroViewController.m */; };
		13C165471F738EE10003311D /* TimeTools.m in Sources */ = {isa = PBXBuildFile; fileRef = 13C165461F738EE10003311D /* TimeTools.m */; };
		13FE58261F712B3800CDEA59 /* UserInfoManager.m in Sources */ = {isa = PBXBuildFile; fileRef = 13FE58251F712B3800CDEA59 /* UserInfoManager.m */; };
		A59F5D0E2C5817FB1E70B9B5 /* libPods-Gongyou.a in Frameworks */ = {isa = PBXBuildFile; fileRef = C8CCFCAEE8E7A027E2BC8013 /* libPods-Gongyou.a */; };
/* End PBXBuildFile section */

/* Begin PBXContainerItemProxy section */
		135D71661F3182CA00906EB2 /* PBXContainerItemProxy */ = {
			isa = PBXContainerItemProxy;
			containerPortal = 135D71411F3182CA00906EB2 /* Project object */;
			proxyType = 1;
			remoteGlobalIDString = 135D71481F3182CA00906EB2;
			remoteInfo = Gongyou;
		};
/* End PBXContainerItemProxy section */

/* Begin PBXFileReference section */
		0A4FA5DB66FD84CB622166D9 /* Pods-Gongyou.debug.xcconfig */ = {isa = PBXFileReference; includeInIndex = 1; lastKnownFileType = text.xcconfig; name = "Pods-Gongyou.debug.xcconfig"; path = "Pods/Target Support Files/Pods-Gongyou/Pods-Gongyou.debug.xcconfig"; sourceTree = "<group>"; };
		1324145B1F70FA22006D1958 /* 4_cht.txt */ = {isa = PBXFileReference; fileEncoding = 4; lastKnownFileType = text; name = 4_cht.txt; path = display_data/4_cht.txt; sourceTree = "<group>"; };
		133EAB7A1F38628400443E63 /* 1.txt */ = {isa = PBXFileReference; fileEncoding = 4; lastKnownFileType = text; name = 1.txt; path = display_data/1.txt; sourceTree = "<group>"; };
		133EAB7B1F38628400443E63 /* 2.txt */ = {isa = PBXFileReference; fileEncoding = 4; lastKnownFileType = text; name = 2.txt; path = display_data/2.txt; sourceTree = "<group>"; };
		133EAB7C1F38628400443E63 /* 3-1.txt */ = {isa = PBXFileReference; fileEncoding = 4; lastKnownFileType = text; name = "3-1.txt"; path = "display_data/3-1.txt"; sourceTree = "<group>"; };
		133EAB7D1F38628400443E63 /* 3-2.txt */ = {isa = PBXFileReference; fileEncoding = 4; lastKnownFileType = text; name = "3-2.txt"; path = "display_data/3-2.txt"; sourceTree = "<group>"; };
		133EAB7E1F38628400443E63 /* 4.txt */ = {isa = PBXFileReference; fileEncoding = 4; lastKnownFileType = text; name = 4.txt; path = display_data/4.txt; sourceTree = "<group>"; };
		133EAB891F39AF4F00443E63 /* LearningViewController.h */ = {isa = PBXFileReference; fileEncoding = 4; lastKnownFileType = sourcecode.c.h; path = LearningViewController.h; sourceTree = "<group>"; };
		133EAB8A1F39AF4F00443E63 /* LearningViewController.m */ = {isa = PBXFileReference; fileEncoding = 4; lastKnownFileType = sourcecode.c.objc; path = LearningViewController.m; sourceTree = "<group>"; };
		133EAB8E1F39B2A800443E63 /* Gongyou.entitlements */ = {isa = PBXFileReference; lastKnownFileType = text.plist.entitlements; path = Gongyou.entitlements; sourceTree = "<group>"; };
		1348C8501F3D92E7003A1BD4 /* Sa_TableViewCell.h */ = {isa = PBXFileReference; fileEncoding = 4; lastKnownFileType = sourcecode.c.h; path = Sa_TableViewCell.h; sourceTree = "<group>"; };
		1348C8511F3D92E7003A1BD4 /* Sa_TableViewCell.m */ = {isa = PBXFileReference; fileEncoding = 4; lastKnownFileType = sourcecode.c.objc; path = Sa_TableViewCell.m; sourceTree = "<group>"; };
		1348C8521F3D92E7003A1BD4 /* Sa_TableViewCell.xib */ = {isa = PBXFileReference; fileEncoding = 4; lastKnownFileType = file.xib; path = Sa_TableViewCell.xib; sourceTree = "<group>"; };
		1348C8561F3D93F3003A1BD4 /* Sa_Guid_TableViewController.h */ = {isa = PBXFileReference; fileEncoding = 4; lastKnownFileType = sourcecode.c.h; path = Sa_Guid_TableViewController.h; sourceTree = "<group>"; };
		1348C8571F3D93F3003A1BD4 /* Sa_Guid_TableViewController.m */ = {isa = PBXFileReference; fileEncoding = 4; lastKnownFileType = sourcecode.c.objc; path = Sa_Guid_TableViewController.m; sourceTree = "<group>"; };
		135D71491F3182CA00906EB2 /* Gongyou.app */ = {isa = PBXFileReference; explicitFileType = wrapper.application; includeInIndex = 0; path = Gongyou.app; sourceTree = BUILT_PRODUCTS_DIR; };
		135D714D1F3182CA00906EB2 /* main.m */ = {isa = PBXFileReference; lastKnownFileType = sourcecode.c.objc; path = main.m; sourceTree = "<group>"; };
		135D714F1F3182CA00906EB2 /* AppDelegate.h */ = {isa = PBXFileReference; lastKnownFileType = sourcecode.c.h; path = AppDelegate.h; sourceTree = "<group>"; };
		135D71501F3182CA00906EB2 /* AppDelegate.m */ = {isa = PBXFileReference; lastKnownFileType = sourcecode.c.objc; path = AppDelegate.m; sourceTree = "<group>"; };
		135D71561F3182CA00906EB2 /* Base */ = {isa = PBXFileReference; lastKnownFileType = file.storyboard; name = Base; path = Base.lproj/Main.storyboard; sourceTree = "<group>"; };
		135D71591F3182CA00906EB2 /* Gongyou.xcdatamodel */ = {isa = PBXFileReference; lastKnownFileType = wrapper.xcdatamodel; path = Gongyou.xcdatamodel; sourceTree = "<group>"; };
		135D715B1F3182CA00906EB2 /* Assets.xcassets */ = {isa = PBXFileReference; lastKnownFileType = folder.assetcatalog; path = Assets.xcassets; sourceTree = "<group>"; };
		135D715E1F3182CA00906EB2 /* Base */ = {isa = PBXFileReference; lastKnownFileType = file.storyboard; name = Base; path = Base.lproj/LaunchScreen.storyboard; sourceTree = "<group>"; };
		135D71601F3182CA00906EB2 /* Info.plist */ = {isa = PBXFileReference; lastKnownFileType = text.plist.xml; path = Info.plist; sourceTree = "<group>"; };
		135D71651F3182CA00906EB2 /* GongyouTests.xctest */ = {isa = PBXFileReference; explicitFileType = wrapper.cfbundle; includeInIndex = 0; path = GongyouTests.xctest; sourceTree = BUILT_PRODUCTS_DIR; };
		135D71691F3182CA00906EB2 /* GongyouTests.m */ = {isa = PBXFileReference; lastKnownFileType = sourcecode.c.objc; path = GongyouTests.m; sourceTree = "<group>"; };
		135D716B1F3182CA00906EB2 /* Info.plist */ = {isa = PBXFileReference; lastKnownFileType = text.plist.xml; path = Info.plist; sourceTree = "<group>"; };
		135D717D1F31AAE700906EB2 /* GongyouViewController.h */ = {isa = PBXFileReference; fileEncoding = 4; lastKnownFileType = sourcecode.c.h; path = GongyouViewController.h; sourceTree = "<group>"; };
		135D717E1F31AAE700906EB2 /* GongyouViewController.m */ = {isa = PBXFileReference; fileEncoding = 4; lastKnownFileType = sourcecode.c.objc; path = GongyouViewController.m; sourceTree = "<group>"; };
		135D71801F31B66F00906EB2 /* SGI_Gohonzon.jpg */ = {isa = PBXFileReference; lastKnownFileType = image.jpeg; path = SGI_Gohonzon.jpg; sourceTree = "<group>"; };
		135D71831F31B7F400906EB2 /* kegi040916a.gif */ = {isa = PBXFileReference; lastKnownFileType = image.gif; path = kegi040916a.gif; sourceTree = "<group>"; };
		135D71851F31B80000906EB2 /* ring.mp3 */ = {isa = PBXFileReference; lastKnownFileType = audio.mp3; path = ring.mp3; sourceTree = "<group>"; };
		135D71871F31BA1A00906EB2 /* 231867.png */ = {isa = PBXFileReference; lastKnownFileType = image.png; path = 231867.png; sourceTree = "<group>"; };
		135D718D1F31BD1A00906EB2 /* Contents.json */ = {isa = PBXFileReference; fileEncoding = 4; lastKnownFileType = text.json; path = Contents.json; sourceTree = "<group>"; };
		135D718E1F31BD1A00906EB2 /* Icon-App-20x20@1x.png */ = {isa = PBXFileReference; lastKnownFileType = image.png; path = "Icon-App-20x20@1x.png"; sourceTree = "<group>"; };
		135D718F1F31BD1A00906EB2 /* Icon-App-20x20@2x.png */ = {isa = PBXFileReference; lastKnownFileType = image.png; path = "Icon-App-20x20@2x.png"; sourceTree = "<group>"; };
		135D71901F31BD1A00906EB2 /* Icon-App-20x20@3x.png */ = {isa = PBXFileReference; lastKnownFileType = image.png; path = "Icon-App-20x20@3x.png"; sourceTree = "<group>"; };
		135D71911F31BD1A00906EB2 /* Icon-App-29x29@1x.png */ = {isa = PBXFileReference; lastKnownFileType = image.png; path = "Icon-App-29x29@1x.png"; sourceTree = "<group>"; };
		135D71921F31BD1A00906EB2 /* Icon-App-29x29@2x.png */ = {isa = PBXFileReference; lastKnownFileType = image.png; path = "Icon-App-29x29@2x.png"; sourceTree = "<group>"; };
		135D71931F31BD1A00906EB2 /* Icon-App-29x29@3x.png */ = {isa = PBXFileReference; lastKnownFileType = image.png; path = "Icon-App-29x29@3x.png"; sourceTree = "<group>"; };
		135D71941F31BD1A00906EB2 /* Icon-App-40x40@1x.png */ = {isa = PBXFileReference; lastKnownFileType = image.png; path = "Icon-App-40x40@1x.png"; sourceTree = "<group>"; };
		135D71951F31BD1A00906EB2 /* Icon-App-40x40@2x.png */ = {isa = PBXFileReference; lastKnownFileType = image.png; path = "Icon-App-40x40@2x.png"; sourceTree = "<group>"; };
		135D71961F31BD1A00906EB2 /* Icon-App-40x40@3x.png */ = {isa = PBXFileReference; lastKnownFileType = image.png; path = "Icon-App-40x40@3x.png"; sourceTree = "<group>"; };
		135D71971F31BD1A00906EB2 /* Icon-App-57x57@1x.png */ = {isa = PBXFileReference; lastKnownFileType = image.png; path = "Icon-App-57x57@1x.png"; sourceTree = "<group>"; };
		135D71981F31BD1A00906EB2 /* Icon-App-57x57@2x.png */ = {isa = PBXFileReference; lastKnownFileType = image.png; path = "Icon-App-57x57@2x.png"; sourceTree = "<group>"; };
		135D71991F31BD1A00906EB2 /* Icon-App-60x60@1x.png */ = {isa = PBXFileReference; lastKnownFileType = image.png; path = "Icon-App-60x60@1x.png"; sourceTree = "<group>"; };
		135D719A1F31BD1A00906EB2 /* Icon-App-60x60@2x.png */ = {isa = PBXFileReference; lastKnownFileType = image.png; path = "Icon-App-60x60@2x.png"; sourceTree = "<group>"; };
		135D719B1F31BD1A00906EB2 /* Icon-App-60x60@3x.png */ = {isa = PBXFileReference; lastKnownFileType = image.png; path = "Icon-App-60x60@3x.png"; sourceTree = "<group>"; };
		135D719C1F31BD1A00906EB2 /* Icon-App-72x72@1x.png */ = {isa = PBXFileReference; lastKnownFileType = image.png; path = "Icon-App-72x72@1x.png"; sourceTree = "<group>"; };
		135D719D1F31BD1A00906EB2 /* Icon-App-72x72@2x.png */ = {isa = PBXFileReference; lastKnownFileType = image.png; path = "Icon-App-72x72@2x.png"; sourceTree = "<group>"; };
		135D719E1F31BD1A00906EB2 /* Icon-App-76x76@1x.png */ = {isa = PBXFileReference; lastKnownFileType = image.png; path = "Icon-App-76x76@1x.png"; sourceTree = "<group>"; };
		135D719F1F31BD1A00906EB2 /* Icon-App-76x76@2x.png */ = {isa = PBXFileReference; lastKnownFileType = image.png; path = "Icon-App-76x76@2x.png"; sourceTree = "<group>"; };
		135D71A01F31BD1A00906EB2 /* Icon-App-76x76@3x.png */ = {isa = PBXFileReference; lastKnownFileType = image.png; path = "Icon-App-76x76@3x.png"; sourceTree = "<group>"; };
		135D71A11F31BD1A00906EB2 /* Icon-App-83.5x83.5@2x.png */ = {isa = PBXFileReference; lastKnownFileType = image.png; path = "Icon-App-83.5x83.5@2x.png"; sourceTree = "<group>"; };
		135D71A21F31BD1A00906EB2 /* Icon-Small-50x50@1x.png */ = {isa = PBXFileReference; lastKnownFileType = image.png; path = "Icon-Small-50x50@1x.png"; sourceTree = "<group>"; };
		135D71A31F31BD1A00906EB2 /* Icon-Small-50x50@2x.png */ = {isa = PBXFileReference; lastKnownFileType = image.png; path = "Icon-Small-50x50@2x.png"; sourceTree = "<group>"; };
		135D71A41F31BD1A00906EB2 /* iTunesArtwork@1x.png */ = {isa = PBXFileReference; lastKnownFileType = image.png; path = "iTunesArtwork@1x.png"; sourceTree = "<group>"; };
		135D71A51F31BD1A00906EB2 /* iTunesArtwork@2x.png */ = {isa = PBXFileReference; lastKnownFileType = image.png; path = "iTunesArtwork@2x.png"; sourceTree = "<group>"; };
		135D71A61F31BD1A00906EB2 /* iTunesArtwork@3x.png */ = {isa = PBXFileReference; lastKnownFileType = image.png; path = "iTunesArtwork@3x.png"; sourceTree = "<group>"; };
		135D71A71F31BD1A00906EB2 /* README.md */ = {isa = PBXFileReference; fileEncoding = 4; lastKnownFileType = net.daringfireball.markdown; path = README.md; sourceTree = "<group>"; };
		135D71C41F31C1DB00906EB2 /* iphone4_1.png */ = {isa = PBXFileReference; lastKnownFileType = image.png; path = iphone4_1.png; sourceTree = "<group>"; };
		135D71C51F31C1DB00906EB2 /* iphone5_1.png */ = {isa = PBXFileReference; lastKnownFileType = image.png; path = iphone5_1.png; sourceTree = "<group>"; };
		135D71C61F31C1DB00906EB2 /* iphone6_1.png */ = {isa = PBXFileReference; lastKnownFileType = image.png; path = iphone6_1.png; sourceTree = "<group>"; };
		135D71C71F31C1DB00906EB2 /* iphone6plus_1.png */ = {isa = PBXFileReference; lastKnownFileType = image.png; path = iphone6plus_1.png; sourceTree = "<group>"; };
		135D71CD1F31C1E500906EB2 /* Default-568h@2x.png */ = {isa = PBXFileReference; lastKnownFileType = image.png; path = "Default-568h@2x.png"; sourceTree = "<group>"; };
		135D71CE1F31C1E500906EB2 /* Default-667h@2x.png */ = {isa = PBXFileReference; lastKnownFileType = image.png; path = "Default-667h@2x.png"; sourceTree = "<group>"; };
		135D71CF1F31C1E500906EB2 /* Default-736@2x.png */ = {isa = PBXFileReference; lastKnownFileType = image.png; path = "Default-736@2x.png"; sourceTree = "<group>"; };
		135D71D01F31C1E500906EB2 /* Default.png */ = {isa = PBXFileReference; lastKnownFileType = image.png; path = Default.png; sourceTree = "<group>"; };
		135D71D11F31C1E500906EB2 /* Default@2x.png */ = {isa = PBXFileReference; lastKnownFileType = image.png; path = "Default@2x.png"; sourceTree = "<group>"; };
		135D71DA1F31DB2500906EB2 /* AVFoundation.framework */ = {isa = PBXFileReference; lastKnownFileType = wrapper.framework; name = AVFoundation.framework; path = System/Library/Frameworks/AVFoundation.framework; sourceTree = SDKROOT; };
		135D71DC1F31DB2B00906EB2 /* AVKit.framework */ = {isa = PBXFileReference; lastKnownFileType = wrapper.framework; name = AVKit.framework; path = System/Library/Frameworks/AVKit.framework; sourceTree = SDKROOT; };
		13C1653E1F7379A80003311D /* GameKit.framework */ = {isa = PBXFileReference; lastKnownFileType = wrapper.framework; name = GameKit.framework; path = System/Library/Frameworks/GameKit.framework; sourceTree = SDKROOT; };
		13C165401F738AC80003311D /* DefaultPreferences.plist */ = {isa = PBXFileReference; lastKnownFileType = text.plist.xml; name = DefaultPreferences.plist; path = user_data/DefaultPreferences.plist; sourceTree = "<group>"; };
		13C165421F738DF20003311D /* MainIntroViewController.h */ = {isa = PBXFileReference; lastKnownFileType = sourcecode.c.h; path = MainIntroViewController.h; sourceTree = "<group>"; };
		13C165431F738DF20003311D /* MainIntroViewController.m */ = {isa = PBXFileReference; lastKnownFileType = sourcecode.c.objc; path = MainIntroViewController.m; sourceTree = "<group>"; };
		13C165451F738EE10003311D /* TimeTools.h */ = {isa = PBXFileReference; lastKnownFileType = sourcecode.c.h; name = TimeTools.h; path = Tools/TimeTools.h; sourceTree = "<group>"; };
		13C165461F738EE10003311D /* TimeTools.m */ = {isa = PBXFileReference; lastKnownFileType = sourcecode.c.objc; name = TimeTools.m; path = Tools/TimeTools.m; sourceTree = "<group>"; };
		13FE58241F712B3800CDEA59 /* UserInfoManager.h */ = {isa = PBXFileReference; fileEncoding = 4; lastKnownFileType = sourcecode.c.h; path = UserInfoManager.h; sourceTree = "<group>"; };
		13FE58251F712B3800CDEA59 /* UserInfoManager.m */ = {isa = PBXFileReference; fileEncoding = 4; lastKnownFileType = sourcecode.c.objc; path = UserInfoManager.m; sourceTree = "<group>"; };
		9268A70B7E37B0E8CF84A079 /* Pods-Gongyou.release.xcconfig */ = {isa = PBXFileReference; includeInIndex = 1; lastKnownFileType = text.xcconfig; name = "Pods-Gongyou.release.xcconfig"; path = "Pods/Target Support Files/Pods-Gongyou/Pods-Gongyou.release.xcconfig"; sourceTree = "<group>"; };
		C8CCFCAEE8E7A027E2BC8013 /* libPods-Gongyou.a */ = {isa = PBXFileReference; explicitFileType = archive.ar; includeInIndex = 0; path = "libPods-Gongyou.a"; sourceTree = BUILT_PRODUCTS_DIR; };
/* End PBXFileReference section */

/* Begin PBXFrameworksBuildPhase section */
		135D71461F3182CA00906EB2 /* Frameworks */ = {
			isa = PBXFrameworksBuildPhase;
			buildActionMask = 2147483647;
			files = (
				135D71DD1F31DB2B00906EB2 /* AVKit.framework in Frameworks */,
				135D71DB1F31DB2500906EB2 /* AVFoundation.framework in Frameworks */,
				A59F5D0E2C5817FB1E70B9B5 /* libPods-Gongyou.a in Frameworks */,
				13C1653F1F7379A80003311D /* GameKit.framework in Frameworks */,
			);
			runOnlyForDeploymentPostprocessing = 0;
		};
		135D71621F3182CA00906EB2 /* Frameworks */ = {
			isa = PBXFrameworksBuildPhase;
			buildActionMask = 2147483647;
			files = (
			);
			runOnlyForDeploymentPostprocessing = 0;
		};
/* End PBXFrameworksBuildPhase section */

/* Begin PBXGroup section */
		133EAB8C1F39AF5600443E63 /* ViewController */ = {
			isa = PBXGroup;
			children = (
				1348C8551F3D92ED003A1BD4 /* View */,
				135D717D1F31AAE700906EB2 /* GongyouViewController.h */,
				135D717E1F31AAE700906EB2 /* GongyouViewController.m */,
				133EAB891F39AF4F00443E63 /* LearningViewController.h */,
				133EAB8A1F39AF4F00443E63 /* LearningViewController.m */,
				13FE58241F712B3800CDEA59 /* UserInfoManager.h */,
				13FE58251F712B3800CDEA59 /* UserInfoManager.m */,
				13C165421F738DF20003311D /* MainIntroViewController.h */,
				13C165431F738DF20003311D /* MainIntroViewController.m */,
				13C165451F738EE10003311D /* TimeTools.h */,
				13C165461F738EE10003311D /* TimeTools.m */,
			);
			name = ViewController;
			sourceTree = "<group>";
		};
		133EAB8D1F39AF7500443E63 /* kyo */ = {
			isa = PBXGroup;
			children = (
				133EAB7A1F38628400443E63 /* 1.txt */,
				133EAB7B1F38628400443E63 /* 2.txt */,
				133EAB7C1F38628400443E63 /* 3-1.txt */,
				133EAB7D1F38628400443E63 /* 3-2.txt */,
				133EAB7E1F38628400443E63 /* 4.txt */,
				1324145B1F70FA22006D1958 /* 4_cht.txt */,
			);
			name = kyo;
			sourceTree = "<group>";
		};
		1348C8551F3D92ED003A1BD4 /* View */ = {
			isa = PBXGroup;
			children = (
				1348C8501F3D92E7003A1BD4 /* Sa_TableViewCell.h */,
				1348C8511F3D92E7003A1BD4 /* Sa_TableViewCell.m */,
				1348C8521F3D92E7003A1BD4 /* Sa_TableViewCell.xib */,
				1348C8561F3D93F3003A1BD4 /* Sa_Guid_TableViewController.h */,
				1348C8571F3D93F3003A1BD4 /* Sa_Guid_TableViewController.m */,
			);
			name = View;
			sourceTree = "<group>";
		};
		135D71401F3182CA00906EB2 = {
			isa = PBXGroup;
			children = (
				135D714B1F3182CA00906EB2 /* Gongyou */,
				135D71681F3182CA00906EB2 /* GongyouTests */,
				135D714A1F3182CA00906EB2 /* Products */,
				135D71D91F31DB2500906EB2 /* Frameworks */,
				D197B7EF9D531CFDB06251BE /* Pods */,
			);
			sourceTree = "<group>";
		};
		135D714A1F3182CA00906EB2 /* Products */ = {
			isa = PBXGroup;
			children = (
				135D71491F3182CA00906EB2 /* Gongyou.app */,
				135D71651F3182CA00906EB2 /* GongyouTests.xctest */,
			);
			name = Products;
			sourceTree = "<group>";
		};
		135D714B1F3182CA00906EB2 /* Gongyou */ = {
			isa = PBXGroup;
			children = (
				133EAB8E1F39B2A800443E63 /* Gongyou.entitlements */,
				135D714F1F3182CA00906EB2 /* AppDelegate.h */,
				135D71501F3182CA00906EB2 /* AppDelegate.m */,
				133EAB8C1F39AF5600443E63 /* ViewController */,
				135D71821F31B67500906EB2 /* Resource */,
				135D71581F3182CA00906EB2 /* Gongyou.xcdatamodeld */,
				135D714C1F3182CA00906EB2 /* Supporting Files */,
			);
			path = Gongyou;
			sourceTree = "<group>";
		};
		135D714C1F3182CA00906EB2 /* Supporting Files */ = {
			isa = PBXGroup;
			children = (
				135D714D1F3182CA00906EB2 /* main.m */,
			);
			name = "Supporting Files";
			sourceTree = "<group>";
		};
		135D71681F3182CA00906EB2 /* GongyouTests */ = {
			isa = PBXGroup;
			children = (
				135D71691F3182CA00906EB2 /* GongyouTests.m */,
				135D716B1F3182CA00906EB2 /* Info.plist */,
			);
			path = GongyouTests;
			sourceTree = "<group>";
		};
		135D71821F31B67500906EB2 /* Resource */ = {
			isa = PBXGroup;
			children = (
				133EAB8D1F39AF7500443E63 /* kyo */,
				135D715B1F3182CA00906EB2 /* Assets.xcassets */,
				135D71551F3182CA00906EB2 /* Main.storyboard */,
				135D715D1F3182CA00906EB2 /* LaunchScreen.storyboard */,
				135D71601F3182CA00906EB2 /* Info.plist */,
				135D71D81F31C2AD00906EB2 /* luanchImage */,
				135D71D71F31C2A300906EB2 /* appicon */,
				135D71871F31BA1A00906EB2 /* 231867.png */,
				135D71851F31B80000906EB2 /* ring.mp3 */,
				135D71831F31B7F400906EB2 /* kegi040916a.gif */,
				135D71801F31B66F00906EB2 /* SGI_Gohonzon.jpg */,
				13C165401F738AC80003311D /* DefaultPreferences.plist */,
			);
			name = Resource;
			sourceTree = "<group>";
		};
		135D718B1F31BD1A00906EB2 /* ios */ = {
			isa = PBXGroup;
			children = (
				135D718C1F31BD1A00906EB2 /* AppIcon.appiconset */,
				135D71A41F31BD1A00906EB2 /* iTunesArtwork@1x.png */,
				135D71A51F31BD1A00906EB2 /* iTunesArtwork@2x.png */,
				135D71A61F31BD1A00906EB2 /* iTunesArtwork@3x.png */,
				135D71A71F31BD1A00906EB2 /* README.md */,
			);
			path = ios;
			sourceTree = "<group>";
		};
		135D718C1F31BD1A00906EB2 /* AppIcon.appiconset */ = {
			isa = PBXGroup;
			children = (
				135D718D1F31BD1A00906EB2 /* Contents.json */,
				135D718E1F31BD1A00906EB2 /* Icon-App-20x20@1x.png */,
				135D718F1F31BD1A00906EB2 /* Icon-App-20x20@2x.png */,
				135D71901F31BD1A00906EB2 /* Icon-App-20x20@3x.png */,
				135D71911F31BD1A00906EB2 /* Icon-App-29x29@1x.png */,
				135D71921F31BD1A00906EB2 /* Icon-App-29x29@2x.png */,
				135D71931F31BD1A00906EB2 /* Icon-App-29x29@3x.png */,
				135D71941F31BD1A00906EB2 /* Icon-App-40x40@1x.png */,
				135D71951F31BD1A00906EB2 /* Icon-App-40x40@2x.png */,
				135D71961F31BD1A00906EB2 /* Icon-App-40x40@3x.png */,
				135D71971F31BD1A00906EB2 /* Icon-App-57x57@1x.png */,
				135D71981F31BD1A00906EB2 /* Icon-App-57x57@2x.png */,
				135D71991F31BD1A00906EB2 /* Icon-App-60x60@1x.png */,
				135D719A1F31BD1A00906EB2 /* Icon-App-60x60@2x.png */,
				135D719B1F31BD1A00906EB2 /* Icon-App-60x60@3x.png */,
				135D719C1F31BD1A00906EB2 /* Icon-App-72x72@1x.png */,
				135D719D1F31BD1A00906EB2 /* Icon-App-72x72@2x.png */,
				135D719E1F31BD1A00906EB2 /* Icon-App-76x76@1x.png */,
				135D719F1F31BD1A00906EB2 /* Icon-App-76x76@2x.png */,
				135D71A01F31BD1A00906EB2 /* Icon-App-76x76@3x.png */,
				135D71A11F31BD1A00906EB2 /* Icon-App-83.5x83.5@2x.png */,
				135D71A21F31BD1A00906EB2 /* Icon-Small-50x50@1x.png */,
				135D71A31F31BD1A00906EB2 /* Icon-Small-50x50@2x.png */,
			);
			path = AppIcon.appiconset;
			sourceTree = "<group>";
		};
		135D71C31F31C1DB00906EB2 /* screenshots */ = {
			isa = PBXGroup;
			children = (
				135D71C41F31C1DB00906EB2 /* iphone4_1.png */,
				135D71C51F31C1DB00906EB2 /* iphone5_1.png */,
				135D71C61F31C1DB00906EB2 /* iphone6_1.png */,
				135D71C71F31C1DB00906EB2 /* iphone6plus_1.png */,
			);
			path = screenshots;
			sourceTree = "<group>";
		};
		135D71CC1F31C1E500906EB2 /* iphone */ = {
			isa = PBXGroup;
			children = (
				135D71CD1F31C1E500906EB2 /* Default-568h@2x.png */,
				135D71CE1F31C1E500906EB2 /* Default-667h@2x.png */,
				135D71CF1F31C1E500906EB2 /* Default-736@2x.png */,
				135D71D01F31C1E500906EB2 /* Default.png */,
				135D71D11F31C1E500906EB2 /* Default@2x.png */,
			);
			path = iphone;
			sourceTree = "<group>";
		};
		135D71D71F31C2A300906EB2 /* appicon */ = {
			isa = PBXGroup;
			children = (
				135D718B1F31BD1A00906EB2 /* ios */,
			);
			name = appicon;
			sourceTree = "<group>";
		};
		135D71D81F31C2AD00906EB2 /* luanchImage */ = {
			isa = PBXGroup;
			children = (
				135D71C31F31C1DB00906EB2 /* screenshots */,
				135D71CC1F31C1E500906EB2 /* iphone */,
			);
			name = luanchImage;
			sourceTree = "<group>";
		};
		135D71D91F31DB2500906EB2 /* Frameworks */ = {
			isa = PBXGroup;
			children = (
				13C1653E1F7379A80003311D /* GameKit.framework */,
				135D71DC1F31DB2B00906EB2 /* AVKit.framework */,
				135D71DA1F31DB2500906EB2 /* AVFoundation.framework */,
				C8CCFCAEE8E7A027E2BC8013 /* libPods-Gongyou.a */,
			);
			name = Frameworks;
			sourceTree = "<group>";
		};
		D197B7EF9D531CFDB06251BE /* Pods */ = {
			isa = PBXGroup;
			children = (
				0A4FA5DB66FD84CB622166D9 /* Pods-Gongyou.debug.xcconfig */,
				9268A70B7E37B0E8CF84A079 /* Pods-Gongyou.release.xcconfig */,
			);
			name = Pods;
			sourceTree = "<group>";
		};
/* End PBXGroup section */

/* Begin PBXNativeTarget section */
		135D71481F3182CA00906EB2 /* Gongyou */ = {
			isa = PBXNativeTarget;
			buildConfigurationList = 135D716E1F3182CA00906EB2 /* Build configuration list for PBXNativeTarget "Gongyou" */;
			buildPhases = (
				6C97C479E1D4B17C8F72DB0B /* [CP] Check Pods Manifest.lock */,
				135D71451F3182CA00906EB2 /* Sources */,
				135D71461F3182CA00906EB2 /* Frameworks */,
				135D71471F3182CA00906EB2 /* Resources */,
				CAD220D08D17A1753C5C0E0F /* [CP] Embed Pods Frameworks */,
				482BA8C7D01AA94AA3DA1E98 /* [CP] Copy Pods Resources */,
			);
			buildRules = (
			);
			dependencies = (
			);
			name = Gongyou;
			productName = Gongyou;
			productReference = 135D71491F3182CA00906EB2 /* Gongyou.app */;
			productType = "com.apple.product-type.application";
		};
		135D71641F3182CA00906EB2 /* GongyouTests */ = {
			isa = PBXNativeTarget;
			buildConfigurationList = 135D71711F3182CA00906EB2 /* Build configuration list for PBXNativeTarget "GongyouTests" */;
			buildPhases = (
				135D71611F3182CA00906EB2 /* Sources */,
				135D71621F3182CA00906EB2 /* Frameworks */,
				135D71631F3182CA00906EB2 /* Resources */,
			);
			buildRules = (
			);
			dependencies = (
				135D71671F3182CA00906EB2 /* PBXTargetDependency */,
			);
			name = GongyouTests;
			productName = GongyouTests;
			productReference = 135D71651F3182CA00906EB2 /* GongyouTests.xctest */;
			productType = "com.apple.product-type.bundle.unit-test";
		};
/* End PBXNativeTarget section */

/* Begin PBXProject section */
		135D71411F3182CA00906EB2 /* Project object */ = {
			isa = PBXProject;
			attributes = {
				LastUpgradeCheck = 0900;
				ORGANIZATIONNAME = Rex;
				TargetAttributes = {
					135D71481F3182CA00906EB2 = {
						CreatedOnToolsVersion = 8.3.3;
						DevelopmentTeam = 4FYSWHP746;
						ProvisioningStyle = Automatic;
						SystemCapabilities = {
							com.apple.GameCenter = {
								enabled = 1;
							};
							com.apple.iCloud = {
								enabled = 1;
							};
						};
					};
					135D71641F3182CA00906EB2 = {
						CreatedOnToolsVersion = 8.3.3;
						DevelopmentTeam = 4FYSWHP746;
						ProvisioningStyle = Automatic;
						TestTargetID = 135D71481F3182CA00906EB2;
					};
				};
			};
			buildConfigurationList = 135D71441F3182CA00906EB2 /* Build configuration list for PBXProject "Gongyou" */;
			compatibilityVersion = "Xcode 3.2";
			developmentRegion = English;
			hasScannedForEncodings = 0;
			knownRegions = (
				en,
				Base,
			);
			mainGroup = 135D71401F3182CA00906EB2;
			productRefGroup = 135D714A1F3182CA00906EB2 /* Products */;
			projectDirPath = "";
			projectRoot = "";
			targets = (
				135D71481F3182CA00906EB2 /* Gongyou */,
				135D71641F3182CA00906EB2 /* GongyouTests */,
			);
		};
/* End PBXProject section */

/* Begin PBXResourcesBuildPhase section */
		135D71471F3182CA00906EB2 /* Resources */ = {
			isa = PBXResourcesBuildPhase;
			buildActionMask = 2147483647;
			files = (
				135D71AF1F31BD1A00906EB2 /* Icon-App-40x40@1x.png in Resources */,
				135D71BD1F31BD1A00906EB2 /* Icon-Small-50x50@1x.png in Resources */,
				135D71B41F31BD1A00906EB2 /* Icon-App-60x60@1x.png in Resources */,
				135D715F1F3182CA00906EB2 /* LaunchScreen.storyboard in Resources */,
				135D71B51F31BD1A00906EB2 /* Icon-App-60x60@2x.png in Resources */,
				135D71CB1F31C1DB00906EB2 /* iphone6plus_1.png in Resources */,
				135D715C1F3182CA00906EB2 /* Assets.xcassets in Resources */,
				135D71BF1F31BD1A00906EB2 /* iTunesArtwork@1x.png in Resources */,
				1324145C1F70FA22006D1958 /* 4_cht.txt in Resources */,
				135D71B61F31BD1A00906EB2 /* Icon-App-60x60@3x.png in Resources */,
				133EAB831F38628400443E63 /* 4.txt in Resources */,
				135D71861F31B80000906EB2 /* ring.mp3 in Resources */,
				135D71B91F31BD1A00906EB2 /* Icon-App-76x76@1x.png in Resources */,
				135D71A81F31BD1A00906EB2 /* Contents.json in Resources */,
				135D71D61F31C1E500906EB2 /* Default@2x.png in Resources */,
				135D71D51F31C1E500906EB2 /* Default.png in Resources */,
				135D71881F31BA1A00906EB2 /* 231867.png in Resources */,
				135D71B01F31BD1A00906EB2 /* Icon-App-40x40@2x.png in Resources */,
				135D71BB1F31BD1A00906EB2 /* Icon-App-76x76@3x.png in Resources */,
				135D71A91F31BD1A00906EB2 /* Icon-App-20x20@1x.png in Resources */,
				135D71571F3182CA00906EB2 /* Main.storyboard in Resources */,
				13C165411F738AC80003311D /* DefaultPreferences.plist in Resources */,
				135D71D41F31C1E500906EB2 /* Default-736@2x.png in Resources */,
				135D71C11F31BD1A00906EB2 /* iTunesArtwork@3x.png in Resources */,
				135D71CA1F31C1DB00906EB2 /* iphone6_1.png in Resources */,
				135D71C81F31C1DB00906EB2 /* iphone4_1.png in Resources */,
				135D71AB1F31BD1A00906EB2 /* Icon-App-20x20@3x.png in Resources */,
				135D71AD1F31BD1A00906EB2 /* Icon-App-29x29@2x.png in Resources */,
				135D71B21F31BD1A00906EB2 /* Icon-App-57x57@1x.png in Resources */,
				135D71C01F31BD1A00906EB2 /* iTunesArtwork@2x.png in Resources */,
				135D71B71F31BD1A00906EB2 /* Icon-App-72x72@1x.png in Resources */,
				135D71B81F31BD1A00906EB2 /* Icon-App-72x72@2x.png in Resources */,
				135D71AE1F31BD1A00906EB2 /* Icon-App-29x29@3x.png in Resources */,
				135D71B31F31BD1A00906EB2 /* Icon-App-57x57@2x.png in Resources */,
				133EAB821F38628400443E63 /* 3-2.txt in Resources */,
				135D71D31F31C1E500906EB2 /* Default-667h@2x.png in Resources */,
				135D71811F31B66F00906EB2 /* SGI_Gohonzon.jpg in Resources */,
				133EAB801F38628400443E63 /* 2.txt in Resources */,
				135D71BC1F31BD1A00906EB2 /* Icon-App-83.5x83.5@2x.png in Resources */,
				135D71B11F31BD1A00906EB2 /* Icon-App-40x40@3x.png in Resources */,
				133EAB7F1F38628400443E63 /* 1.txt in Resources */,
				135D71D21F31C1E500906EB2 /* Default-568h@2x.png in Resources */,
				135D71AA1F31BD1A00906EB2 /* Icon-App-20x20@2x.png in Resources */,
				133EAB811F38628400443E63 /* 3-1.txt in Resources */,
				135D71C91F31C1DB00906EB2 /* iphone5_1.png in Resources */,
				1348C8541F3D92E7003A1BD4 /* Sa_TableViewCell.xib in Resources */,
				135D71BE1F31BD1A00906EB2 /* Icon-Small-50x50@2x.png in Resources */,
				135D71841F31B7F400906EB2 /* kegi040916a.gif in Resources */,
				135D71BA1F31BD1A00906EB2 /* Icon-App-76x76@2x.png in Resources */,
				135D71AC1F31BD1A00906EB2 /* Icon-App-29x29@1x.png in Resources */,
			);
			runOnlyForDeploymentPostprocessing = 0;
		};
		135D71631F3182CA00906EB2 /* Resources */ = {
			isa = PBXResourcesBuildPhase;
			buildActionMask = 2147483647;
			files = (
			);
			runOnlyForDeploymentPostprocessing = 0;
		};
/* End PBXResourcesBuildPhase section */

/* Begin PBXShellScriptBuildPhase section */
		482BA8C7D01AA94AA3DA1E98 /* [CP] Copy Pods Resources */ = {
			isa = PBXShellScriptBuildPhase;
			buildActionMask = 2147483647;
			files = (
			);
			inputPaths = (
				"${SRCROOT}/Pods/Target Support Files/Pods-Gongyou/Pods-Gongyou-resources.sh",
				"${PODS_ROOT}/youtube-ios-player-helper/youtube-ios-player-helper/Assets.bundle",
			);
			name = "[CP] Copy Pods Resources";
			outputPaths = (
				"${TARGET_BUILD_DIR}/${UNLOCALIZED_RESOURCES_FOLDER_PATH}",
			);
			runOnlyForDeploymentPostprocessing = 0;
			shellPath = /bin/sh;
			shellScript = "\"${SRCROOT}/Pods/Target Support Files/Pods-Gongyou/Pods-Gongyou-resources.sh\"\n";
			showEnvVarsInLog = 0;
		};
		6C97C479E1D4B17C8F72DB0B /* [CP] Check Pods Manifest.lock */ = {
			isa = PBXShellScriptBuildPhase;
			buildActionMask = 2147483647;
			files = (
			);
			inputPaths = (
				"${PODS_PODFILE_DIR_PATH}/Podfile.lock",
				"${PODS_ROOT}/Manifest.lock",
			);
			name = "[CP] Check Pods Manifest.lock";
			outputPaths = (
				"$(DERIVED_FILE_DIR)/Pods-Gongyou-checkManifestLockResult.txt",
			);
			runOnlyForDeploymentPostprocessing = 0;
			shellPath = /bin/sh;
			shellScript = "diff \"${PODS_PODFILE_DIR_PATH}/Podfile.lock\" \"${PODS_ROOT}/Manifest.lock\" > /dev/null\nif [ $? != 0 ] ; then\n    # print error to STDERR\n    echo \"error: The sandbox is not in sync with the Podfile.lock. Run 'pod install' or update your CocoaPods installation.\" >&2\n    exit 1\nfi\n# This output is used by Xcode 'outputs' to avoid re-running this script phase.\necho \"SUCCESS\" > \"${SCRIPT_OUTPUT_FILE_0}\"\n";
			showEnvVarsInLog = 0;
		};
		CAD220D08D17A1753C5C0E0F /* [CP] Embed Pods Frameworks */ = {
			isa = PBXShellScriptBuildPhase;
			buildActionMask = 2147483647;
			files = (
			);
			inputPaths = (
			);
			name = "[CP] Embed Pods Frameworks";
			outputPaths = (
			);
			runOnlyForDeploymentPostprocessing = 0;
			shellPath = /bin/sh;
			shellScript = "\"${SRCROOT}/Pods/Target Support Files/Pods-Gongyou/Pods-Gongyou-frameworks.sh\"\n";
			showEnvVarsInLog = 0;
		};
/* End PBXShellScriptBuildPhase section */

/* Begin PBXSourcesBuildPhase section */
		135D71451F3182CA00906EB2 /* Sources */ = {
			isa = PBXSourcesBuildPhase;
			buildActionMask = 2147483647;
			files = (
				13C165471F738EE10003311D /* TimeTools.m in Sources */,
				135D715A1F3182CA00906EB2 /* Gongyou.xcdatamodeld in Sources */,
				135D71511F3182CA00906EB2 /* AppDelegate.m in Sources */,
				13FE58261F712B3800CDEA59 /* UserInfoManager.m in Sources */,
				135D717F1F31AAE700906EB2 /* GongyouViewController.m in Sources */,
				135D714E1F3182CA00906EB2 /* main.m in Sources */,
				133EAB8B1F39AF4F00443E63 /* LearningViewController.m in Sources */,
				1348C8531F3D92E7003A1BD4 /* Sa_TableViewCell.m in Sources */,
				13C165441F738DF20003311D /* MainIntroViewController.m in Sources */,
				1348C8581F3D93F3003A1BD4 /* Sa_Guid_TableViewController.m in Sources */,
			);
			runOnlyForDeploymentPostprocessing = 0;
		};
		135D71611F3182CA00906EB2 /* Sources */ = {
			isa = PBXSourcesBuildPhase;
			buildActionMask = 2147483647;
			files = (
				135D716A1F3182CA00906EB2 /* GongyouTests.m in Sources */,
			);
			runOnlyForDeploymentPostprocessing = 0;
		};
/* End PBXSourcesBuildPhase section */

/* Begin PBXTargetDependency section */
		135D71671F3182CA00906EB2 /* PBXTargetDependency */ = {
			isa = PBXTargetDependency;
			target = 135D71481F3182CA00906EB2 /* Gongyou */;
			targetProxy = 135D71661F3182CA00906EB2 /* PBXContainerItemProxy */;
		};
/* End PBXTargetDependency section */

/* Begin PBXVariantGroup section */
		135D71551F3182CA00906EB2 /* Main.storyboard */ = {
			isa = PBXVariantGroup;
			children = (
				135D71561F3182CA00906EB2 /* Base */,
			);
			name = Main.storyboard;
			sourceTree = "<group>";
		};
		135D715D1F3182CA00906EB2 /* LaunchScreen.storyboard */ = {
			isa = PBXVariantGroup;
			children = (
				135D715E1F3182CA00906EB2 /* Base */,
			);
			name = LaunchScreen.storyboard;
			sourceTree = "<group>";
		};
/* End PBXVariantGroup section */

/* Begin XCBuildConfiguration section */
		135D716C1F3182CA00906EB2 /* Debug */ = {
			isa = XCBuildConfiguration;
			buildSettings = {
				ALWAYS_SEARCH_USER_PATHS = NO;
				CLANG_ANALYZER_NONNULL = YES;
				CLANG_ANALYZER_NUMBER_OBJECT_CONVERSION = YES_AGGRESSIVE;
				CLANG_CXX_LANGUAGE_STANDARD = "gnu++0x";
				CLANG_CXX_LIBRARY = "libc++";
				CLANG_ENABLE_MODULES = YES;
				CLANG_ENABLE_OBJC_ARC = YES;
				CLANG_WARN_BLOCK_CAPTURE_AUTORELEASING = YES;
				CLANG_WARN_BOOL_CONVERSION = YES;
				CLANG_WARN_COMMA = YES;
				CLANG_WARN_CONSTANT_CONVERSION = YES;
				CLANG_WARN_DIRECT_OBJC_ISA_USAGE = YES_ERROR;
				CLANG_WARN_DOCUMENTATION_COMMENTS = YES;
				CLANG_WARN_EMPTY_BODY = YES;
				CLANG_WARN_ENUM_CONVERSION = YES;
				CLANG_WARN_INFINITE_RECURSION = YES;
				CLANG_WARN_INT_CONVERSION = YES;
				CLANG_WARN_NON_LITERAL_NULL_CONVERSION = YES;
				CLANG_WARN_OBJC_LITERAL_CONVERSION = YES;
				CLANG_WARN_OBJC_ROOT_CLASS = YES_ERROR;
				CLANG_WARN_RANGE_LOOP_ANALYSIS = YES;
				CLANG_WARN_STRICT_PROTOTYPES = YES;
				CLANG_WARN_SUSPICIOUS_MOVE = YES;
				CLANG_WARN_UNREACHABLE_CODE = YES;
				CLANG_WARN__DUPLICATE_METHOD_MATCH = YES;
				"CODE_SIGN_IDENTITY[sdk=iphoneos*]" = "iPhone Developer";
				COPY_PHASE_STRIP = NO;
				DEBUG_INFORMATION_FORMAT = dwarf;
				ENABLE_STRICT_OBJC_MSGSEND = YES;
				ENABLE_TESTABILITY = YES;
				GCC_C_LANGUAGE_STANDARD = gnu99;
				GCC_DYNAMIC_NO_PIC = NO;
				GCC_NO_COMMON_BLOCKS = YES;
				GCC_OPTIMIZATION_LEVEL = 0;
				GCC_PREPROCESSOR_DEFINITIONS = (
					"DEBUG=1",
					"$(inherited)",
				);
				GCC_WARN_64_TO_32_BIT_CONVERSION = YES;
				GCC_WARN_ABOUT_RETURN_TYPE = YES_ERROR;
				GCC_WARN_UNDECLARED_SELECTOR = YES;
				GCC_WARN_UNINITIALIZED_AUTOS = YES_AGGRESSIVE;
				GCC_WARN_UNUSED_FUNCTION = YES;
				GCC_WARN_UNUSED_VARIABLE = YES;
				IPHONEOS_DEPLOYMENT_TARGET = 10.3;
				MTL_ENABLE_DEBUG_INFO = YES;
				ONLY_ACTIVE_ARCH = YES;
				SDKROOT = iphoneos;
				TARGETED_DEVICE_FAMILY = "1,2";
			};
			name = Debug;
		};
		135D716D1F3182CA00906EB2 /* Release */ = {
			isa = XCBuildConfiguration;
			buildSettings = {
				ALWAYS_SEARCH_USER_PATHS = NO;
				CLANG_ANALYZER_NONNULL = YES;
				CLANG_ANALYZER_NUMBER_OBJECT_CONVERSION = YES_AGGRESSIVE;
				CLANG_CXX_LANGUAGE_STANDARD = "gnu++0x";
				CLANG_CXX_LIBRARY = "libc++";
				CLANG_ENABLE_MODULES = YES;
				CLANG_ENABLE_OBJC_ARC = YES;
				CLANG_WARN_BLOCK_CAPTURE_AUTORELEASING = YES;
				CLANG_WARN_BOOL_CONVERSION = YES;
				CLANG_WARN_COMMA = YES;
				CLANG_WARN_CONSTANT_CONVERSION = YES;
				CLANG_WARN_DIRECT_OBJC_ISA_USAGE = YES_ERROR;
				CLANG_WARN_DOCUMENTATION_COMMENTS = YES;
				CLANG_WARN_EMPTY_BODY = YES;
				CLANG_WARN_ENUM_CONVERSION = YES;
				CLANG_WARN_INFINITE_RECURSION = YES;
				CLANG_WARN_INT_CONVERSION = YES;
				CLANG_WARN_NON_LITERAL_NULL_CONVERSION = YES;
				CLANG_WARN_OBJC_LITERAL_CONVERSION = YES;
				CLANG_WARN_OBJC_ROOT_CLASS = YES_ERROR;
				CLANG_WARN_RANGE_LOOP_ANALYSIS = YES;
				CLANG_WARN_STRICT_PROTOTYPES = YES;
				CLANG_WARN_SUSPICIOUS_MOVE = YES;
				CLANG_WARN_UNREACHABLE_CODE = YES;
				CLANG_WARN__DUPLICATE_METHOD_MATCH = YES;
				"CODE_SIGN_IDENTITY[sdk=iphoneos*]" = "iPhone Developer";
				COPY_PHASE_STRIP = NO;
				DEBUG_INFORMATION_FORMAT = "dwarf-with-dsym";
				ENABLE_NS_ASSERTIONS = NO;
				ENABLE_STRICT_OBJC_MSGSEND = YES;
				GCC_C_LANGUAGE_STANDARD = gnu99;
				GCC_NO_COMMON_BLOCKS = YES;
				GCC_WARN_64_TO_32_BIT_CONVERSION = YES;
				GCC_WARN_ABOUT_RETURN_TYPE = YES_ERROR;
				GCC_WARN_UNDECLARED_SELECTOR = YES;
				GCC_WARN_UNINITIALIZED_AUTOS = YES_AGGRESSIVE;
				GCC_WARN_UNUSED_FUNCTION = YES;
				GCC_WARN_UNUSED_VARIABLE = YES;
				IPHONEOS_DEPLOYMENT_TARGET = 10.3;
				MTL_ENABLE_DEBUG_INFO = NO;
				ONLY_ACTIVE_ARCH = NO;
				SDKROOT = iphoneos;
				TARGETED_DEVICE_FAMILY = "1,2";
				VALIDATE_PRODUCT = YES;
			};
			name = Release;
		};
		135D716F1F3182CA00906EB2 /* Debug */ = {
			isa = XCBuildConfiguration;
			baseConfigurationReference = 0A4FA5DB66FD84CB622166D9 /* Pods-Gongyou.debug.xcconfig */;
			buildSettings = {
				ASSETCATALOG_COMPILER_APPICON_NAME = AppIcon;
				ASSETCATALOG_COMPILER_LAUNCHIMAGE_NAME = "LaunchImage-1";
				CODE_SIGN_ENTITLEMENTS = Gongyou/Gongyou.entitlements;
				"CODE_SIGN_IDENTITY[sdk=iphoneos*]" = "iPhone Developer";
				CODE_SIGN_STYLE = Automatic;
				DEVELOPMENT_TEAM = 4FYSWHP746;
				INFOPLIST_FILE = Gongyou/Info.plist;
				LD_RUNPATH_SEARCH_PATHS = "$(inherited) @executable_path/Frameworks";
				PRODUCT_BUNDLE_IDENTIFIER = rex.Gongyou;
				PRODUCT_NAME = "$(TARGET_NAME)";
				PROVISIONING_PROFILE_SPECIFIER = "";
			};
			name = Debug;
		};
		135D71701F3182CA00906EB2 /* Release */ = {
			isa = XCBuildConfiguration;
			baseConfigurationReference = 9268A70B7E37B0E8CF84A079 /* Pods-Gongyou.release.xcconfig */;
			buildSettings = {
				ASSETCATALOG_COMPILER_APPICON_NAME = AppIcon;
				ASSETCATALOG_COMPILER_LAUNCHIMAGE_NAME = "LaunchImage-1";
				CODE_SIGN_ENTITLEMENTS = Gongyou/Gongyou.entitlements;
				"CODE_SIGN_IDENTITY[sdk=iphoneos*]" = "iPhone Developer";
				CODE_SIGN_STYLE = Automatic;
				DEVELOPMENT_TEAM = 4FYSWHP746;
				INFOPLIST_FILE = Gongyou/Info.plist;
				LD_RUNPATH_SEARCH_PATHS = "$(inherited) @executable_path/Frameworks";
				PRODUCT_BUNDLE_IDENTIFIER = rex.Gongyou;
				PRODUCT_NAME = "$(TARGET_NAME)";
				PROVISIONING_PROFILE_SPECIFIER = "";
			};
			name = Release;
		};
		135D71721F3182CA00906EB2 /* Debug */ = {
			isa = XCBuildConfiguration;
			buildSettings = {
				BUNDLE_LOADER = "$(TEST_HOST)";
				DEVELOPMENT_TEAM = 4FYSWHP746;
				INFOPLIST_FILE = GongyouTests/Info.plist;
				LD_RUNPATH_SEARCH_PATHS = "$(inherited) @executable_path/Frameworks @loader_path/Frameworks";
				PRODUCT_BUNDLE_IDENTIFIER = rex.GongyouTests;
				PRODUCT_NAME = "$(TARGET_NAME)";
				TEST_HOST = "$(BUILT_PRODUCTS_DIR)/Gongyou.app/Gongyou";
			};
			name = Debug;
		};
		135D71731F3182CA00906EB2 /* Release */ = {
			isa = XCBuildConfiguration;
			buildSettings = {
				BUNDLE_LOADER = "$(TEST_HOST)";
				DEVELOPMENT_TEAM = 4FYSWHP746;
				INFOPLIST_FILE = GongyouTests/Info.plist;
				LD_RUNPATH_SEARCH_PATHS = "$(inherited) @executable_path/Frameworks @loader_path/Frameworks";
				PRODUCT_BUNDLE_IDENTIFIER = rex.GongyouTests;
				PRODUCT_NAME = "$(TARGET_NAME)";
				TEST_HOST = "$(BUILT_PRODUCTS_DIR)/Gongyou.app/Gongyou";
			};
			name = Release;
		};
/* End XCBuildConfiguration section */

/* Begin XCConfigurationList section */
		135D71441F3182CA00906EB2 /* Build configuration list for PBXProject "Gongyou" */ = {
			isa = XCConfigurationList;
			buildConfigurations = (
				135D716C1F3182CA00906EB2 /* Debug */,
				135D716D1F3182CA00906EB2 /* Release */,
			);
			defaultConfigurationIsVisible = 0;
			defaultConfigurationName = Release;
		};
		135D716E1F3182CA00906EB2 /* Build configuration list for PBXNativeTarget "Gongyou" */ = {
			isa = XCConfigurationList;
			buildConfigurations = (
				135D716F1F3182CA00906EB2 /* Debug */,
				135D71701F3182CA00906EB2 /* Release */,
			);
			defaultConfigurationIsVisible = 0;
			defaultConfigurationName = Release;
		};
		135D71711F3182CA00906EB2 /* Build configuration list for PBXNativeTarget "GongyouTests" */ = {
			isa = XCConfigurationList;
			buildConfigurations = (
				135D71721F3182CA00906EB2 /* Debug */,
				135D71731F3182CA00906EB2 /* Release */,
			);
			defaultConfigurationIsVisible = 0;
			defaultConfigurationName = Release;
		};
/* End XCConfigurationList section */

/* Begin XCVersionGroup section */
		135D71581F3182CA00906EB2 /* Gongyou.xcdatamodeld */ = {
			isa = XCVersionGroup;
			children = (
				135D71591F3182CA00906EB2 /* Gongyou.xcdatamodel */,
			);
			currentVersion = 135D71591F3182CA00906EB2 /* Gongyou.xcdatamodel */;
			path = Gongyou.xcdatamodeld;
			sourceTree = "<group>";
			versionGroupType = wrapper.xcdatamodel;
		};
/* End XCVersionGroup section */
	};
	rootObject = 135D71411F3182CA00906EB2 /* Project object */;
}
