// !$*UTF8*$!
{
	archiveVersion = 1;
	classes = {
	};
	objectVersion = 46;
	objects = {

/* Begin PBXBuildFile section */
		135D714E1F3182CA00906EB2 /* main.m in Sources */ = {isa = PBXBuildFile; fileRef = 135D714D1F3182CA00906EB2 /* main.m */; };
		135D71511F3182CA00906EB2 /* AppDelegate.m in Sources */ = {isa = PBXBuildFile; fileRef = 135D71501F3182CA00906EB2 /* AppDelegate.m */; };
		135D71541F3182CA00906EB2 /* ViewController.m in Sources */ = {isa = PBXBuildFile; fileRef = 135D71531F3182CA00906EB2 /* ViewController.m */; };
		135D71571F3182CA00906EB2 /* Main.storyboard in Resources */ = {isa = PBXBuildFile; fileRef = 135D71551F3182CA00906EB2 /* Main.storyboard */; };
		135D715A1F3182CA00906EB2 /* Gongyou.xcdatamodeld in Sources */ = {isa = PBXBuildFile; fileRef = 135D71581F3182CA00906EB2 /* Gongyou.xcdatamodeld */; };
		135D715C1F3182CA00906EB2 /* Assets.xcassets in Resources */ = {isa = PBXBuildFile; fileRef = 135D715B1F3182CA00906EB2 /* Assets.xcassets */; };
		135D715F1F3182CA00906EB2 /* LaunchScreen.storyboard in Resources */ = {isa = PBXBuildFile; fileRef = 135D715D1F3182CA00906EB2 /* LaunchScreen.storyboard */; };
		135D716A1F3182CA00906EB2 /* GongyouTests.m in Sources */ = {isa = PBXBuildFile; fileRef = 135D71691F3182CA00906EB2 /* GongyouTests.m */; };
/* End PBXBuildFile section */

/* Begin PBXContainerItemProxy section */
		135D71661F3182CA00906EB2 /* PBXContainerItemProxy */ = {
			isa = PBXContainerItemProxy;
			containerPortal = 135D71411F3182CA00906EB2 /* Project object */;
			proxyType = 1;
			remoteGlobalIDString = 135D71481F3182CA00906EB2;
			remoteInfo = Gongyou;
		};
/* End PBXContainerItemProxy section */

/* Begin PBXFileReference section */
		135D71491F3182CA00906EB2 /* Gongyou.app */ = {isa = PBXFileReference; explicitFileType = wrapper.application; includeInIndex = 0; path = Gongyou.app; sourceTree = BUILT_PRODUCTS_DIR; };
		135D714D1F3182CA00906EB2 /* main.m */ = {isa = PBXFileReference; lastKnownFileType = sourcecode.c.objc; path = main.m; sourceTree = "<group>"; };
		135D714F1F3182CA00906EB2 /* AppDelegate.h */ = {isa = PBXFileReference; lastKnownFileType = sourcecode.c.h; path = AppDelegate.h; sourceTree = "<group>"; };
		135D71501F3182CA00906EB2 /* AppDelegate.m */ = {isa = PBXFileReference; lastKnownFileType = sourcecode.c.objc; path = AppDelegate.m; sourceTree = "<group>"; };
		135D71521F3182CA00906EB2 /* ViewController.h */ = {isa = PBXFileReference; lastKnownFileType = sourcecode.c.h; path = ViewController.h; sourceTree = "<group>"; };
		135D71531F3182CA00906EB2 /* ViewController.m */ = {isa = PBXFileReference; lastKnownFileType = sourcecode.c.objc; path = ViewController.m; sourceTree = "<group>"; };
		135D71561F3182CA00906EB2 /* Base */ = {isa = PBXFileReference; lastKnownFileType = file.storyboard; name = Base; path = Base.lproj/Main.storyboard; sourceTree = "<group>"; };
		135D71591F3182CA00906EB2 /* Gongyou.xcdatamodel */ = {isa = PBXFileReference; lastKnownFileType = wrapper.xcdatamodel; path = Gongyou.xcdatamodel; sourceTree = "<group>"; };
		135D715B1F3182CA00906EB2 /* Assets.xcassets */ = {isa = PBXFileReference; lastKnownFileType = folder.assetcatalog; path = Assets.xcassets; sourceTree = "<group>"; };
		135D715E1F3182CA00906EB2 /* Base */ = {isa = PBXFileReference; lastKnownFileType = file.storyboard; name = Base; path = Base.lproj/LaunchScreen.storyboard; sourceTree = "<group>"; };
		135D71601F3182CA00906EB2 /* Info.plist */ = {isa = PBXFileReference; lastKnownFileType = text.plist.xml; path = Info.plist; sourceTree = "<group>"; };
		135D71651F3182CA00906EB2 /* GongyouTests.xctest */ = {isa = PBXFileReference; explicitFileType = wrapper.cfbundle; includeInIndex = 0; path = GongyouTests.xctest; sourceTree = BUILT_PRODUCTS_DIR; };
		135D71691F3182CA00906EB2 /* GongyouTests.m */ = {isa = PBXFileReference; lastKnownFileType = sourcecode.c.objc; path = GongyouTests.m; sourceTree = "<group>"; };
		135D716B1F3182CA00906EB2 /* Info.plist */ = {isa = PBXFileReference; lastKnownFileType = text.plist.xml; path = Info.plist; sourceTree = "<group>"; };
/* End PBXFileReference section */

/* Begin PBXFrameworksBuildPhase section */
		135D71461F3182CA00906EB2 /* Frameworks */ = {
			isa = PBXFrameworksBuildPhase;
			buildActionMask = 2147483647;
			files = (
			);
			runOnlyForDeploymentPostprocessing = 0;
		};
		135D71621F3182CA00906EB2 /* Frameworks */ = {
			isa = PBXFrameworksBuildPhase;
			buildActionMask = 2147483647;
			files = (
			);
			runOnlyForDeploymentPostprocessing = 0;
		};
/* End PBXFrameworksBuildPhase section */

/* Begin PBXGroup section */
		135D71401F3182CA00906EB2 = {
			isa = PBXGroup;
			children = (
				135D714B1F3182CA00906EB2 /* Gongyou */,
				135D71681F3182CA00906EB2 /* GongyouTests */,
				135D714A1F3182CA00906EB2 /* Products */,
			);
			sourceTree = "<group>";
		};
		135D714A1F3182CA00906EB2 /* Products */ = {
			isa = PBXGroup;
			children = (
				135D71491F3182CA00906EB2 /* Gongyou.app */,
				135D71651F3182CA00906EB2 /* GongyouTests.xctest */,
			);
			name = Products;
			sourceTree = "<group>";
		};
		135D714B1F3182CA00906EB2 /* Gongyou */ = {
			isa = PBXGroup;
			children = (
				135D714F1F3182CA00906EB2 /* AppDelegate.h */,
				135D71501F3182CA00906EB2 /* AppDelegate.m */,
				135D71521F3182CA00906EB2 /* ViewController.h */,
				135D71531F3182CA00906EB2 /* ViewController.m */,
				135D71551F3182CA00906EB2 /* Main.storyboard */,
				135D715B1F3182CA00906EB2 /* Assets.xcassets */,
				135D715D1F3182CA00906EB2 /* LaunchScreen.storyboard */,
				135D71601F3182CA00906EB2 /* Info.plist */,
				135D71581F3182CA00906EB2 /* Gongyou.xcdatamodeld */,
				135D714C1F3182CA00906EB2 /* Supporting Files */,
			);
			path = Gongyou;
			sourceTree = "<group>";
		};
		135D714C1F3182CA00906EB2 /* Supporting Files */ = {
			isa = PBXGroup;
			children = (
				135D714D1F3182CA00906EB2 /* main.m */,
			);
			name = "Supporting Files";
			sourceTree = "<group>";
		};
		135D71681F3182CA00906EB2 /* GongyouTests */ = {
			isa = PBXGroup;
			children = (
				135D71691F3182CA00906EB2 /* GongyouTests.m */,
				135D716B1F3182CA00906EB2 /* Info.plist */,
			);
			path = GongyouTests;
			sourceTree = "<group>";
		};
/* End PBXGroup section */

/* Begin PBXNativeTarget section */
		135D71481F3182CA00906EB2 /* Gongyou */ = {
			isa = PBXNativeTarget;
			buildConfigurationList = 135D716E1F3182CA00906EB2 /* Build configuration list for PBXNativeTarget "Gongyou" */;
			buildPhases = (
				135D71451F3182CA00906EB2 /* Sources */,
				135D71461F3182CA00906EB2 /* Frameworks */,
				135D71471F3182CA00906EB2 /* Resources */,
			);
			buildRules = (
			);
			dependencies = (
			);
			name = Gongyou;
			productName = Gongyou;
			productReference = 135D71491F3182CA00906EB2 /* Gongyou.app */;
			productType = "com.apple.product-type.application";
		};
		135D71641F3182CA00906EB2 /* GongyouTests */ = {
			isa = PBXNativeTarget;
			buildConfigurationList = 135D71711F3182CA00906EB2 /* Build configuration list for PBXNativeTarget "GongyouTests" */;
			buildPhases = (
				135D71611F3182CA00906EB2 /* Sources */,
				135D71621F3182CA00906EB2 /* Frameworks */,
				135D71631F3182CA00906EB2 /* Resources */,
			);
			buildRules = (
			);
			dependencies = (
				135D71671F3182CA00906EB2 /* PBXTargetDependency */,
			);
			name = GongyouTests;
			productName = GongyouTests;
			productReference = 135D71651F3182CA00906EB2 /* GongyouTests.xctest */;
			productType = "com.apple.product-type.bundle.unit-test";
		};
/* End PBXNativeTarget section */

/* Begin PBXProject section */
		135D71411F3182CA00906EB2 /* Project object */ = {
			isa = PBXProject;
			attributes = {
				LastUpgradeCheck = 0830;
				ORGANIZATIONNAME = Rex;
				TargetAttributes = {
					135D71481F3182CA00906EB2 = {
						CreatedOnToolsVersion = 8.3.3;
						DevelopmentTeam = 4FYSWHP746;
						ProvisioningStyle = Automatic;
					};
					135D71641F3182CA00906EB2 = {
						CreatedOnToolsVersion = 8.3.3;
						DevelopmentTeam = 4FYSWHP746;
						ProvisioningStyle = Automatic;
						TestTargetID = 135D71481F3182CA00906EB2;
					};
				};
			};
			buildConfigurationList = 135D71441F3182CA00906EB2 /* Build configuration list for PBXProject "Gongyou" */;
			compatibilityVersion = "Xcode 3.2";
			developmentRegion = English;
			hasScannedForEncodings = 0;
			knownRegions = (
				en,
				Base,
			);
			mainGroup = 135D71401F3182CA00906EB2;
			productRefGroup = 135D714A1F3182CA00906EB2 /* Products */;
			projectDirPath = "";
			projectRoot = "";
			targets = (
				135D71481F3182CA00906EB2 /* Gongyou */,
				135D71641F3182CA00906EB2 /* GongyouTests */,
			);
		};
/* End PBXProject section */

/* Begin PBXResourcesBuildPhase section */
		135D71471F3182CA00906EB2 /* Resources */ = {
			isa = PBXResourcesBuildPhase;
			buildActionMask = 2147483647;
			files = (
				135D715F1F3182CA00906EB2 /* LaunchScreen.storyboard in Resources */,
				135D715C1F3182CA00906EB2 /* Assets.xcassets in Resources */,
				135D71571F3182CA00906EB2 /* Main.storyboard in Resources */,
			);
			runOnlyForDeploymentPostprocessing = 0;
		};
		135D71631F3182CA00906EB2 /* Resources */ = {
			isa = PBXResourcesBuildPhase;
			buildActionMask = 2147483647;
			files = (
			);
			runOnlyForDeploymentPostprocessing = 0;
		};
/* End PBXResourcesBuildPhase section */

/* Begin PBXSourcesBuildPhase section */
		135D71451F3182CA00906EB2 /* Sources */ = {
			isa = PBXSourcesBuildPhase;
			buildActionMask = 2147483647;
			files = (
				135D715A1F3182CA00906EB2 /* Gongyou.xcdatamodeld in Sources */,
				135D71541F3182CA00906EB2 /* ViewController.m in Sources */,
				135D71511F3182CA00906EB2 /* AppDelegate.m in Sources */,
				135D714E1F3182CA00906EB2 /* main.m in Sources */,
			);
			runOnlyForDeploymentPostprocessing = 0;
		};
		135D71611F3182CA00906EB2 /* Sources */ = {
			isa = PBXSourcesBuildPhase;
			buildActionMask = 2147483647;
			files = (
				135D716A1F3182CA00906EB2 /* GongyouTests.m in Sources */,
			);
			runOnlyForDeploymentPostprocessing = 0;
		};
/* End PBXSourcesBuildPhase section */

/* Begin PBXTargetDependency section */
		135D71671F3182CA00906EB2 /* PBXTargetDependency */ = {
			isa = PBXTargetDependency;
			target = 135D71481F3182CA00906EB2 /* Gongyou */;
			targetProxy = 135D71661F3182CA00906EB2 /* PBXContainerItemProxy */;
		};
/* End PBXTargetDependency section */

/* Begin PBXVariantGroup section */
		135D71551F3182CA00906EB2 /* Main.storyboard */ = {
			isa = PBXVariantGroup;
			children = (
				135D71561F3182CA00906EB2 /* Base */,
			);
			name = Main.storyboard;
			sourceTree = "<group>";
		};
		135D715D1F3182CA00906EB2 /* LaunchScreen.storyboard */ = {
			isa = PBXVariantGroup;
			children = (
				135D715E1F3182CA00906EB2 /* Base */,
			);
			name = LaunchScreen.storyboard;
			sourceTree = "<group>";
		};
/* End PBXVariantGroup section */

/* Begin XCBuildConfiguration section */
		135D716C1F3182CA00906EB2 /* Debug */ = {
			isa = XCBuildConfiguration;
			buildSettings = {
				ALWAYS_SEARCH_USER_PATHS = NO;
				CLANG_ANALYZER_NONNULL = YES;
				CLANG_ANALYZER_NUMBER_OBJECT_CONVERSION = YES_AGGRESSIVE;
				CLANG_CXX_LANGUAGE_STANDARD = "gnu++0x";
				CLANG_CXX_LIBRARY = "libc++";
				CLANG_ENABLE_MODULES = YES;
				CLANG_ENABLE_OBJC_ARC = YES;
				CLANG_WARN_BOOL_CONVERSION = YES;
				CLANG_WARN_CONSTANT_CONVERSION = YES;
				CLANG_WARN_DIRECT_OBJC_ISA_USAGE = YES_ERROR;
				CLANG_WARN_DOCUMENTATION_COMMENTS = YES;
				CLANG_WARN_EMPTY_BODY = YES;
				CLANG_WARN_ENUM_CONVERSION = YES;
				CLANG_WARN_INFINITE_RECURSION = YES;
				CLANG_WARN_INT_CONVERSION = YES;
				CLANG_WARN_OBJC_ROOT_CLASS = YES_ERROR;
				CLANG_WARN_SUSPICIOUS_MOVE = YES;
				CLANG_WARN_UNREACHABLE_CODE = YES;
				CLANG_WARN__DUPLICATE_METHOD_MATCH = YES;
				"CODE_SIGN_IDENTITY[sdk=iphoneos*]" = "iPhone Developer";
				COPY_PHASE_STRIP = NO;
				DEBUG_INFORMATION_FORMAT = dwarf;
				ENABLE_STRICT_OBJC_MSGSEND = YES;
				ENABLE_TESTABILITY = YES;
				GCC_C_LANGUAGE_STANDARD = gnu99;
				GCC_DYNAMIC_NO_PIC = NO;
				GCC_NO_COMMON_BLOCKS = YES;
				GCC_OPTIMIZATION_LEVEL = 0;
				GCC_PREPROCESSOR_DEFINITIONS = (
					"DEBUG=1",
					"$(inherited)",
				);
				GCC_WARN_64_TO_32_BIT_CONVERSION = YES;
				GCC_WARN_ABOUT_RETURN_TYPE = YES_ERROR;
				GCC_WARN_UNDECLARED_SELECTOR = YES;
				GCC_WARN_UNINITIALIZED_AUTOS = YES_AGGRESSIVE;
				GCC_WARN_UNUSED_FUNCTION = YES;
				GCC_WARN_UNUSED_VARIABLE = YES;
				IPHONEOS_DEPLOYMENT_TARGET = 10.3;
				MTL_ENABLE_DEBUG_INFO = YES;
				ONLY_ACTIVE_ARCH = YES;
				SDKROOT = iphoneos;
				TARGETED_DEVICE_FAMILY = "1,2";
			};
			name = Debug;
		};
		135D716D1F3182CA00906EB2 /* Release */ = {
			isa = XCBuildConfiguration;
			buildSettings = {
				ALWAYS_SEARCH_USER_PATHS = NO;
				CLANG_ANALYZER_NONNULL = YES;
				CLANG_ANALYZER_NUMBER_OBJECT_CONVERSION = YES_AGGRESSIVE;
				CLANG_CXX_LANGUAGE_STANDARD = "gnu++0x";
				CLANG_CXX_LIBRARY = "libc++";
				CLANG_ENABLE_MODULES = YES;
				CLANG_ENABLE_OBJC_ARC = YES;
				CLANG_WARN_BOOL_CONVERSION = YES;
				CLANG_WARN_CONSTANT_CONVERSION = YES;
				CLANG_WARN_DIRECT_OBJC_ISA_USAGE = YES_ERROR;
				CLANG_WARN_DOCUMENTATION_COMMENTS = YES;
				CLANG_WARN_EMPTY_BODY = YES;
				CLANG_WARN_ENUM_CONVERSION = YES;
				CLANG_WARN_INFINITE_RECURSION = YES;
				CLANG_WARN_INT_CONVERSION = YES;
				CLANG_WARN_OBJC_ROOT_CLASS = YES_ERROR;
				CLANG_WARN_SUSPICIOUS_MOVE = YES;
				CLANG_WARN_UNREACHABLE_CODE = YES;
				CLANG_WARN__DUPLICATE_METHOD_MATCH = YES;
				"CODE_SIGN_IDENTITY[sdk=iphoneos*]" = "iPhone Developer";
				COPY_PHASE_STRIP = NO;
				DEBUG_INFORMATION_FORMAT = "dwarf-with-dsym";
				ENABLE_NS_ASSERTIONS = NO;
				ENABLE_STRICT_OBJC_MSGSEND = YES;
				GCC_C_LANGUAGE_STANDARD = gnu99;
				GCC_NO_COMMON_BLOCKS = YES;
				GCC_WARN_64_TO_32_BIT_CONVERSION = YES;
				GCC_WARN_ABOUT_RETURN_TYPE = YES_ERROR;
				GCC_WARN_UNDECLARED_SELECTOR = YES;
				GCC_WARN_UNINITIALIZED_AUTOS = YES_AGGRESSIVE;
				GCC_WARN_UNUSED_FUNCTION = YES;
				GCC_WARN_UNUSED_VARIABLE = YES;
				IPHONEOS_DEPLOYMENT_TARGET = 10.3;
				MTL_ENABLE_DEBUG_INFO = NO;
				SDKROOT = iphoneos;
				TARGETED_DEVICE_FAMILY = "1,2";
				VALIDATE_PRODUCT = YES;
			};
			name = Release;
		};
		135D716F1F3182CA00906EB2 /* Debug */ = {
			isa = XCBuildConfiguration;
			buildSettings = {
				ASSETCATALOG_COMPILER_APPICON_NAME = AppIcon;
				DEVELOPMENT_TEAM = 4FYSWHP746;
				INFOPLIST_FILE = Gongyou/Info.plist;
				LD_RUNPATH_SEARCH_PATHS = "$(inherited) @executable_path/Frameworks";
				PRODUCT_BUNDLE_IDENTIFIER = rex.Gongyou;
				PRODUCT_NAME = "$(TARGET_NAME)";
			};
			name = Debug;
		};
		135D71701F3182CA00906EB2 /* Release */ = {
			isa = XCBuildConfiguration;
			buildSettings = {
				ASSETCATALOG_COMPILER_APPICON_NAME = AppIcon;
				DEVELOPMENT_TEAM = 4FYSWHP746;
				INFOPLIST_FILE = Gongyou/Info.plist;
				LD_RUNPATH_SEARCH_PATHS = "$(inherited) @executable_path/Frameworks";
				PRODUCT_BUNDLE_IDENTIFIER = rex.Gongyou;
				PRODUCT_NAME = "$(TARGET_NAME)";
			};
			name = Release;
		};
		135D71721F3182CA00906EB2 /* Debug */ = {
			isa = XCBuildConfiguration;
			buildSettings = {
				BUNDLE_LOADER = "$(TEST_HOST)";
				DEVELOPMENT_TEAM = 4FYSWHP746;
				INFOPLIST_FILE = GongyouTests/Info.plist;
				LD_RUNPATH_SEARCH_PATHS = "$(inherited) @executable_path/Frameworks @loader_path/Frameworks";
				PRODUCT_BUNDLE_IDENTIFIER = rex.GongyouTests;
				PRODUCT_NAME = "$(TARGET_NAME)";
				TEST_HOST = "$(BUILT_PRODUCTS_DIR)/Gongyou.app/Gongyou";
			};
			name = Debug;
		};
		135D71731F3182CA00906EB2 /* Release */ = {
			isa = XCBuildConfiguration;
			buildSettings = {
				BUNDLE_LOADER = "$(TEST_HOST)";
				DEVELOPMENT_TEAM = 4FYSWHP746;
				INFOPLIST_FILE = GongyouTests/Info.plist;
				LD_RUNPATH_SEARCH_PATHS = "$(inherited) @executable_path/Frameworks @loader_path/Frameworks";
				PRODUCT_BUNDLE_IDENTIFIER = rex.GongyouTests;
				PRODUCT_NAME = "$(TARGET_NAME)";
				TEST_HOST = "$(BUILT_PRODUCTS_DIR)/Gongyou.app/Gongyou";
			};
			name = Release;
		};
/* End XCBuildConfiguration section */

/* Begin XCConfigurationList section */
		135D71441F3182CA00906EB2 /* Build configuration list for PBXProject "Gongyou" */ = {
			isa = XCConfigurationList;
			buildConfigurations = (
				135D716C1F3182CA00906EB2 /* Debug */,
				135D716D1F3182CA00906EB2 /* Release */,
			);
			defaultConfigurationIsVisible = 0;
			defaultConfigurationName = Release;
		};
		135D716E1F3182CA00906EB2 /* Build configuration list for PBXNativeTarget "Gongyou" */ = {
			isa = XCConfigurationList;
			buildConfigurations = (
				135D716F1F3182CA00906EB2 /* Debug */,
				135D71701F3182CA00906EB2 /* Release */,
			);
			defaultConfigurationIsVisible = 0;
		};
		135D71711F3182CA00906EB2 /* Build configuration list for PBXNativeTarget "GongyouTests" */ = {
			isa = XCConfigurationList;
			buildConfigurations = (
				135D71721F3182CA00906EB2 /* Debug */,
				135D71731F3182CA00906EB2 /* Release */,
			);
			defaultConfigurationIsVisible = 0;
		};
/* End XCConfigurationList section */

/* Begin XCVersionGroup section */
		135D71581F3182CA00906EB2 /* Gongyou.xcdatamodeld */ = {
			isa = XCVersionGroup;
			children = (
				135D71591F3182CA00906EB2 /* Gongyou.xcdatamodel */,
			);
			currentVersion = 135D71591F3182CA00906EB2 /* Gongyou.xcdatamodel */;
			path = Gongyou.xcdatamodeld;
			sourceTree = "<group>";
			versionGroupType = wrapper.xcdatamodel;
		};
/* End XCVersionGroup section */
	};
	rootObject = 135D71411F3182CA00906EB2 /* Project object */;
}
